
Microsoft Visual Studio Solution File, Format Version 12.00
# Visual Studio Version 17
VisualStudioVersion = 17.1.32328.378
MinimumVisualStudioVersion = 10.0.40219.1
Project("{FAE04EC0-301F-11D3-BF4B-00C04F79EFBC}") = "WebApplication7", "WebApplication7.csproj", "{B3E1386C-3B8B-4E15-A1D9-FB34AF77645F}"
EndProject
Global
	GlobalSection(SolutionConfigurationPlatforms) = preSolution
		Debug|Any CPU = Debug|Any CPU
		Release|Any CPU = Release|Any CPU
	EndGlobalSection
	GlobalSection(ProjectConfigurationPlatforms) = postSolution
		{B3E1386C-3B8B-4E15-A1D9-FB34AF77645F}.Debug|Any CPU.ActiveCfg = Debug|Any CPU
		{B3E1386C-3B8B-4E15-A1D9-FB34AF77645F}.Debug|Any CPU.Build.0 = Debug|Any CPU
		{B3E1386C-3B8B-4E15-A1D9-FB34AF77645F}.Release|Any CPU.ActiveCfg = Release|Any CPU
		{B3E1386C-3B8B-4E15-A1D9-FB34AF77645F}.Release|Any CPU.Build.0 = Release|Any CPU
	EndGlobalSection
	GlobalSection(SolutionProperties) = preSolution
		HideSolutionNode = FALSE
	EndGlobalSection
	GlobalSection(ExtensibilityGlobals) = postSolution
		SolutionGuid = {82A17F0F-D336-4B0D-A399-9C48FB083643}
	EndGlobalSection
EndGlobal
